
Microsoft Visual Studio Solution File, Format Version 12.00
# Visual Studio 14
VisualStudioVersion = 14.0.25420.1
MinimumVisualStudioVersion = 10.0.40219.1
Project("{FAE04EC0-301F-11D3-BF4B-00C04F79EFBC}") = "Icogram.Models", "Icogram.Models\Icogram.Models.csproj", "{B8D80C07-8986-4B2E-AD89-2CCADA275CEC}"
EndProject
Project("{FAE04EC0-301F-11D3-BF4B-00C04F79EFBC}") = "Icogram.Enums", "Icogram.Enums\Icogram.Enums.csproj", "{3C67A7E3-3C8B-42A2-8EFA-E054B95DE141}"
EndProject
Project("{FAE04EC0-301F-11D3-BF4B-00C04F79EFBC}") = "DataAccessLayer.Async", "DataAccessLayer.Async\DataAccessLayer.Async.csproj", "{627524B9-F449-410D-AD4B-AC8382D1CDCC}"
EndProject
Project("{FAE04EC0-301F-11D3-BF4B-00C04F79EFBC}") = "Icogram.DbContext", "Icogram.DbContext\Icogram.DbContext.csproj", "{BC9F24B3-F585-4079-B91A-E00463222844}"
EndProject
Project("{FAE04EC0-301F-11D3-BF4B-00C04F79EFBC}") = "Icogram.DataAccessLayer", "Icogram.DataAccessLayer\Icogram.DataAccessLayer.csproj", "{1003DC36-D7B4-4E86-A7C2-5477EECE1114}"
EndProject
Project("{FAE04EC0-301F-11D3-BF4B-00C04F79EFBC}") = "Icogram", "Icogram\Icogram.csproj", "{AED0ADB0-855D-4603-A5C4-98D8D2F5C59C}"
EndProject
Project("{FAE04EC0-301F-11D3-BF4B-00C04F79EFBC}") = "Icogram.Service", "Icogram.Service\Icogram.Service.csproj", "{902F43CA-54AB-4868-AAB8-6CA4AD00FB9B}"
EndProject
Global
	GlobalSection(SolutionConfigurationPlatforms) = preSolution
		Debug|Any CPU = Debug|Any CPU
		Release|Any CPU = Release|Any CPU
	EndGlobalSection
	GlobalSection(ProjectConfigurationPlatforms) = postSolution
		{B8D80C07-8986-4B2E-AD89-2CCADA275CEC}.Debug|Any CPU.ActiveCfg = Debug|Any CPU
		{B8D80C07-8986-4B2E-AD89-2CCADA275CEC}.Debug|Any CPU.Build.0 = Debug|Any CPU
		{B8D80C07-8986-4B2E-AD89-2CCADA275CEC}.Release|Any CPU.ActiveCfg = Release|Any CPU
		{B8D80C07-8986-4B2E-AD89-2CCADA275CEC}.Release|Any CPU.Build.0 = Release|Any CPU
		{3C67A7E3-3C8B-42A2-8EFA-E054B95DE141}.Debug|Any CPU.ActiveCfg = Debug|Any CPU
		{3C67A7E3-3C8B-42A2-8EFA-E054B95DE141}.Debug|Any CPU.Build.0 = Debug|Any CPU
		{3C67A7E3-3C8B-42A2-8EFA-E054B95DE141}.Release|Any CPU.ActiveCfg = Release|Any CPU
		{3C67A7E3-3C8B-42A2-8EFA-E054B95DE141}.Release|Any CPU.Build.0 = Release|Any CPU
		{627524B9-F449-410D-AD4B-AC8382D1CDCC}.Debug|Any CPU.ActiveCfg = Debug|Any CPU
		{627524B9-F449-410D-AD4B-AC8382D1CDCC}.Debug|Any CPU.Build.0 = Debug|Any CPU
		{627524B9-F449-410D-AD4B-AC8382D1CDCC}.Release|Any CPU.ActiveCfg = Release|Any CPU
		{627524B9-F449-410D-AD4B-AC8382D1CDCC}.Release|Any CPU.Build.0 = Release|Any CPU
		{BC9F24B3-F585-4079-B91A-E00463222844}.Debug|Any CPU.ActiveCfg = Debug|Any CPU
		{BC9F24B3-F585-4079-B91A-E00463222844}.Debug|Any CPU.Build.0 = Debug|Any CPU
		{BC9F24B3-F585-4079-B91A-E00463222844}.Release|Any CPU.ActiveCfg = Release|Any CPU
		{BC9F24B3-F585-4079-B91A-E00463222844}.Release|Any CPU.Build.0 = Release|Any CPU
		{1003DC36-D7B4-4E86-A7C2-5477EECE1114}.Debug|Any CPU.ActiveCfg = Debug|Any CPU
		{1003DC36-D7B4-4E86-A7C2-5477EECE1114}.Debug|Any CPU.Build.0 = Debug|Any CPU
		{1003DC36-D7B4-4E86-A7C2-5477EECE1114}.Release|Any CPU.ActiveCfg = Release|Any CPU
		{1003DC36-D7B4-4E86-A7C2-5477EECE1114}.Release|Any CPU.Build.0 = Release|Any CPU
		{AED0ADB0-855D-4603-A5C4-98D8D2F5C59C}.Debug|Any CPU.ActiveCfg = Debug|Any CPU
		{AED0ADB0-855D-4603-A5C4-98D8D2F5C59C}.Debug|Any CPU.Build.0 = Debug|Any CPU
		{AED0ADB0-855D-4603-A5C4-98D8D2F5C59C}.Release|Any CPU.ActiveCfg = Release|Any CPU
		{AED0ADB0-855D-4603-A5C4-98D8D2F5C59C}.Release|Any CPU.Build.0 = Release|Any CPU
		{902F43CA-54AB-4868-AAB8-6CA4AD00FB9B}.Debug|Any CPU.ActiveCfg = Debug|Any CPU
		{902F43CA-54AB-4868-AAB8-6CA4AD00FB9B}.Debug|Any CPU.Build.0 = Debug|Any CPU
		{902F43CA-54AB-4868-AAB8-6CA4AD00FB9B}.Release|Any CPU.ActiveCfg = Release|Any CPU
		{902F43CA-54AB-4868-AAB8-6CA4AD00FB9B}.Release|Any CPU.Build.0 = Release|Any CPU
	EndGlobalSection
	GlobalSection(SolutionProperties) = preSolution
		HideSolutionNode = FALSE
	EndGlobalSection
EndGlobal
